
Microsoft Visual Studio Solution File, Format Version 12.00
# Visual Studio Version 17
VisualStudioVersion = 17.9.34701.34
MinimumVisualStudioVersion = 10.0.40219.1
Project("{FAE04EC0-301F-11D3-BF4B-00C04F79EFBC}") = "laboratornaya_rabota_20", "laboratornaya_rabota_20\laboratornaya_rabota_20.csproj", "{8ACF5FC2-0896-4B67-A312-5DCB6CCF15A5}"
EndProject
Global
	GlobalSection(SolutionConfigurationPlatforms) = preSolution
		Debug|Any CPU = Debug|Any CPU
		Release|Any CPU = Release|Any CPU
	EndGlobalSection
	GlobalSection(ProjectConfigurationPlatforms) = postSolution
		{8ACF5FC2-0896-4B67-A312-5DCB6CCF15A5}.Debug|Any CPU.ActiveCfg = Debug|Any CPU
		{8ACF5FC2-0896-4B67-A312-5DCB6CCF15A5}.Debug|Any CPU.Build.0 = Debug|Any CPU
		{8ACF5FC2-0896-4B67-A312-5DCB6CCF15A5}.Release|Any CPU.ActiveCfg = Release|Any CPU
		{8ACF5FC2-0896-4B67-A312-5DCB6CCF15A5}.Release|Any CPU.Build.0 = Release|Any CPU
	EndGlobalSection
	GlobalSection(SolutionProperties) = preSolution
		HideSolutionNode = FALSE
	EndGlobalSection
	GlobalSection(ExtensibilityGlobals) = postSolution
		SolutionGuid = {B2AAF43B-A928-4960-B44C-DB18ACA9877A}
	EndGlobalSection
EndGlobal
