
Microsoft Visual Studio Solution File, Format Version 12.00
# Visual Studio Version 17
VisualStudioVersion = 17.9.34701.34
MinimumVisualStudioVersion = 10.0.40219.1
Project("{FAE04EC0-301F-11D3-BF4B-00C04F79EFBC}") = "coursework", "coursework\coursework.csproj", "{A590F1B5-B32C-4C89-A3C7-749B8F384506}"
EndProject
Global
	GlobalSection(SolutionConfigurationPlatforms) = preSolution
		Debug|Any CPU = Debug|Any CPU
		Release|Any CPU = Release|Any CPU
	EndGlobalSection
	GlobalSection(ProjectConfigurationPlatforms) = postSolution
		{A590F1B5-B32C-4C89-A3C7-749B8F384506}.Debug|Any CPU.ActiveCfg = Debug|Any CPU
		{A590F1B5-B32C-4C89-A3C7-749B8F384506}.Debug|Any CPU.Build.0 = Debug|Any CPU
		{A590F1B5-B32C-4C89-A3C7-749B8F384506}.Release|Any CPU.ActiveCfg = Release|Any CPU
		{A590F1B5-B32C-4C89-A3C7-749B8F384506}.Release|Any CPU.Build.0 = Release|Any CPU
	EndGlobalSection
	GlobalSection(SolutionProperties) = preSolution
		HideSolutionNode = FALSE
	EndGlobalSection
	GlobalSection(ExtensibilityGlobals) = postSolution
		SolutionGuid = {92DE3697-B4F1-44D8-85B2-07003A9947E3}
	EndGlobalSection
EndGlobal
